
Microsoft Visual Studio Solution File, Format Version 12.00
# Visual Studio Version 16
VisualStudioVersion = 16.0.31911.196
MinimumVisualStudioVersion = 10.0.40219.1
Project("{FAE04EC0-301F-11D3-BF4B-00C04F79EFBC}") = "TugasAkhir_C4", "TugasAkhir_C4.csproj", "{53C2A335-CE9F-4152-8216-76122921F61D}"
EndProject
Global
	GlobalSection(SolutionConfigurationPlatforms) = preSolution
		Debug|Any CPU = Debug|Any CPU
		Release|Any CPU = Release|Any CPU
	EndGlobalSection
	GlobalSection(ProjectConfigurationPlatforms) = postSolution
		{53C2A335-CE9F-4152-8216-76122921F61D}.Debug|Any CPU.ActiveCfg = Debug|Any CPU
		{53C2A335-CE9F-4152-8216-76122921F61D}.Debug|Any CPU.Build.0 = Debug|Any CPU
		{53C2A335-CE9F-4152-8216-76122921F61D}.Release|Any CPU.ActiveCfg = Release|Any CPU
		{53C2A335-CE9F-4152-8216-76122921F61D}.Release|Any CPU.Build.0 = Release|Any CPU
	EndGlobalSection
	GlobalSection(SolutionProperties) = preSolution
		HideSolutionNode = FALSE
	EndGlobalSection
	GlobalSection(ExtensibilityGlobals) = postSolution
		SolutionGuid = {CDA9FF42-A6D2-4732-A4A9-E3AFCA9AF4E7}
	EndGlobalSection
EndGlobal
